// !$*UTF8*$!
{
	archiveVersion = 1;
	classes = {
	};
	objectVersion = 77;
	objects = {

/* Begin PBXBuildFile section */
		AF1015D52D92EEB6009F362F /* TreeSitterLua in Frameworks */ = {isa = PBXBuildFile; productRef = AF1015D42D92EEB6009F362F /* TreeSitterLua */; };
		AF14830E2D8DE2700006B509 /* FluidGradient in Frameworks */ = {isa = PBXBuildFile; productRef = AF14830D2D8DE2700006B509 /* FluidGradient */; };
		AF1C222D2D99CBB1003D83A9 /* TreeSitterObjc in Frameworks */ = {isa = PBXBuildFile; productRef = AF1C222C2D99CBB1003D83A9 /* TreeSitterObjc */; };
		AF4836272D8AF4AA00830CED /* SwiftTerm in Frameworks */ = {isa = PBXBuildFile; productRef = AF4836262D8AF4AA00830CED /* SwiftTerm */; };
		AF4E54642DA3216A008E4FF0 /* include in Resources */ = {isa = PBXBuildFile; fileRef = AF4E54632DA3216A008E4FF0 /* include */; };
		AF4E54682DA321A5008E4FF0 /* iPhoneOS16.5.sdk in Resources */ = {isa = PBXBuildFile; fileRef = AF4E54672DA321A5008E4FF0 /* iPhoneOS16.5.sdk */; };
		AF504BD72D956849005FA8D2 /* TreeSitterXML in Frameworks */ = {isa = PBXBuildFile; productRef = AF504BD62D956849005FA8D2 /* TreeSitterXML */; };
		AF504BEA2D9579E1005FA8D2 /* Swifter in Frameworks */ = {isa = PBXBuildFile; productRef = AF504BE92D9579E1005FA8D2 /* Swifter */; };
		AF504BED2D957A72005FA8D2 /* TreeSitterHTML in Frameworks */ = {isa = PBXBuildFile; productRef = AF504BEC2D957A72005FA8D2 /* TreeSitterHTML */; };
		AF51435D2D92E9B70058C41D /* TreeSitterPython in Frameworks */ = {isa = PBXBuildFile; productRef = AF51435C2D92E9B70058C41D /* TreeSitterPython */; };
		AF7A29CB2DA3F3A100A1706D /* OpenSSL in Frameworks */ = {isa = PBXBuildFile; productRef = AF7A29CA2DA3F3A100A1706D /* OpenSSL */; };
		AF7A29CE2DA3F6BD00A1706D /* cert in Resources */ = {isa = PBXBuildFile; fileRef = AF7A29CD2DA3F6BC00A1706D /* cert */; };
		AF7A29EB2DA46F5300A1706D /* Telegraph in Frameworks */ = {isa = PBXBuildFile; productRef = AF7A29EA2DA46F5300A1706D /* Telegraph */; };
		AFB1651D2D91A36300872EDB /* Runestone in Frameworks */ = {isa = PBXBuildFile; productRef = AFB1651C2D91A36300872EDB /* Runestone */; };
		AFB165242D91A4AB00872EDB /* TreeSitterJavaScript in Frameworks */ = {isa = PBXBuildFile; productRef = AFB165232D91A4AB00872EDB /* TreeSitterJavaScript */; };
		AFB1653D2D91BBEB00872EDB /* TreeSitterC in Frameworks */ = {isa = PBXBuildFile; productRef = AFB1653C2D91BBEB00872EDB /* TreeSitterC */; };
		AFCF8EF12DA1572D006ECF22 /* TreeSitterCPP in Frameworks */ = {isa = PBXBuildFile; productRef = AFCF8EF02DA1572D006ECF22 /* TreeSitterCPP */; };
/* End PBXBuildFile section */

/* Begin PBXCopyFilesBuildPhase section */
		AF0D03512D9ED5DC0091495A /* Embed Frameworks */ = {
			isa = PBXCopyFilesBuildPhase;
			buildActionMask = 2147483647;
			dstPath = "";
			dstSubfolderSpec = 10;
			files = (
			);
			name = "Embed Frameworks";
			runOnlyForDeploymentPostprocessing = 0;
		};
/* End PBXCopyFilesBuildPhase section */

/* Begin PBXFileReference section */
		AF4E54632DA3216A008E4FF0 /* include */ = {isa = PBXFileReference; lastKnownFileType = folder; path = include; sourceTree = "<group>"; };
		AF4E54672DA321A5008E4FF0 /* iPhoneOS16.5.sdk */ = {isa = PBXFileReference; lastKnownFileType = folder; name = iPhoneOS16.5.sdk; path = ../../../Downloads/iPhoneOS16.5.sdk; sourceTree = "<group>"; };
		AF7A29CC2DA3F6A400A1706D /* cert */ = {isa = PBXFileReference; lastKnownFileType = folder; name = cert; path = ../../../Downloads/cert; sourceTree = "<group>"; };
		AF7A29CD2DA3F6BC00A1706D /* cert */ = {isa = PBXFileReference; lastKnownFileType = folder; name = cert; path = ../../../Downloads/cert; sourceTree = "<group>"; };
		AFBE41752D85E4B500315155 /* Nyxian.app */ = {isa = PBXFileReference; explicitFileType = wrapper.application; includeInIndex = 0; path = Nyxian.app; sourceTree = BUILT_PRODUCTS_DIR; };
/* End PBXFileReference section */

/* Begin PBXFileSystemSynchronizedBuildFileExceptionSet section */
		AF0DF6562D9EB3AF0091495A /* Exceptions for "Nyxian" folder in "Nyxian" target */ = {
			isa = PBXFileSystemSynchronizedBuildFileExceptionSet;
			membershipExceptions = (
				Info.plist,
				Runtime/LLVM/FCM/MessyLinker/ld.dylib,
				Runtime/LLVM/FCM/MessyLinker/libcrypto.3.dylib,
				Runtime/LLVM/FCM/MessyLinker/libiosexec.1.dylib,
				Runtime/LLVM/FCM/MessyLinker/libncursesw.6.dylib,
				Runtime/LLVM/FCM/MessyLinker/libtapi.dylib,
				Runtime/LLVM/FCM/MessyLinker/libxar.1.dylib,
				Runtime/LLVM/FCM/MessyLinker/libzstd.1.dylib,
				Runtime/OtherLang/Lua/onelua.ch,
			);
			target = AFBE41742D85E4B500315155 /* Nyxian */;
		};
/* End PBXFileSystemSynchronizedBuildFileExceptionSet section */

/* Begin PBXFileSystemSynchronizedGroupBuildPhaseMembershipExceptionSet section */
		AF4E546D2DA32706008E4FF0 /* Exceptions for "Nyxian" folder in "Embed Frameworks" phase from "Nyxian" target */ = {
			isa = PBXFileSystemSynchronizedGroupBuildPhaseMembershipExceptionSet;
			attributesByRelativePath = {
				Runtime/LLVM/FCM/MessyLinker/ld.dylib = (CodeSignOnCopy, );
				Runtime/LLVM/FCM/MessyLinker/libcrypto.3.dylib = (CodeSignOnCopy, );
				Runtime/LLVM/FCM/MessyLinker/libiosexec.1.dylib = (CodeSignOnCopy, );
				Runtime/LLVM/FCM/MessyLinker/libncursesw.6.dylib = (CodeSignOnCopy, );
				Runtime/LLVM/FCM/MessyLinker/libtapi.dylib = (CodeSignOnCopy, );
				Runtime/LLVM/FCM/MessyLinker/libxar.1.dylib = (CodeSignOnCopy, );
				Runtime/LLVM/FCM/MessyLinker/libzstd.1.dylib = (CodeSignOnCopy, );
			};
			buildPhase = AF0D03512D9ED5DC0091495A /* Embed Frameworks */;
			membershipExceptions = (
				Runtime/LLVM/FCM/MessyLinker/ld.dylib,
				Runtime/LLVM/FCM/MessyLinker/libcrypto.3.dylib,
				Runtime/LLVM/FCM/MessyLinker/libiosexec.1.dylib,
				Runtime/LLVM/FCM/MessyLinker/libncursesw.6.dylib,
				Runtime/LLVM/FCM/MessyLinker/libtapi.dylib,
				Runtime/LLVM/FCM/MessyLinker/libxar.1.dylib,
				Runtime/LLVM/FCM/MessyLinker/libzstd.1.dylib,
			);
		};
/* End PBXFileSystemSynchronizedGroupBuildPhaseMembershipExceptionSet section */

/* Begin PBXFileSystemSynchronizedRootGroup section */
		AFBE41772D85E4B500315155 /* Nyxian */ = {
			isa = PBXFileSystemSynchronizedRootGroup;
			exceptions = (
				AF0DF6562D9EB3AF0091495A /* Exceptions for "Nyxian" folder in "Nyxian" target */,
				AF4E546D2DA32706008E4FF0 /* Exceptions for "Nyxian" folder in "Embed Frameworks" phase from "Nyxian" target */,
			);
			path = Nyxian;
			sourceTree = "<group>";
		};
/* End PBXFileSystemSynchronizedRootGroup section */

/* Begin PBXFrameworksBuildPhase section */
		AFBE41722D85E4B500315155 /* Frameworks */ = {
			isa = PBXFrameworksBuildPhase;
			buildActionMask = 2147483647;
			files = (
				AF7A29CB2DA3F3A100A1706D /* OpenSSL in Frameworks */,
				AF504BEA2D9579E1005FA8D2 /* Swifter in Frameworks */,
				AF4836272D8AF4AA00830CED /* SwiftTerm in Frameworks */,
				AFCF8EF12DA1572D006ECF22 /* TreeSitterCPP in Frameworks */,
				AF504BED2D957A72005FA8D2 /* TreeSitterHTML in Frameworks */,
				AF7A29EB2DA46F5300A1706D /* Telegraph in Frameworks */,
				AF1C222D2D99CBB1003D83A9 /* TreeSitterObjc in Frameworks */,
				AF504BD72D956849005FA8D2 /* TreeSitterXML in Frameworks */,
				AFB1651D2D91A36300872EDB /* Runestone in Frameworks */,
				AFB165242D91A4AB00872EDB /* TreeSitterJavaScript in Frameworks */,
				AFB1653D2D91BBEB00872EDB /* TreeSitterC in Frameworks */,
				AF14830E2D8DE2700006B509 /* FluidGradient in Frameworks */,
				AF51435D2D92E9B70058C41D /* TreeSitterPython in Frameworks */,
				AF1015D52D92EEB6009F362F /* TreeSitterLua in Frameworks */,
			);
			runOnlyForDeploymentPostprocessing = 0;
		};
/* End PBXFrameworksBuildPhase section */

/* Begin PBXGroup section */
		AF4E546A2DA32706008E4FF0 /* Frameworks */ = {
			isa = PBXGroup;
			children = (
				AF7A29CC2DA3F6A400A1706D /* cert */,
			);
			name = Frameworks;
			sourceTree = "<group>";
		};
		AFBE416C2D85E4B500315155 = {
			isa = PBXGroup;
			children = (
				AF7A29CD2DA3F6BC00A1706D /* cert */,
				AF4E54672DA321A5008E4FF0 /* iPhoneOS16.5.sdk */,
				AF4E54632DA3216A008E4FF0 /* include */,
				AFBE41772D85E4B500315155 /* Nyxian */,
				AF4E546A2DA32706008E4FF0 /* Frameworks */,
				AFBE41762D85E4B500315155 /* Products */,
			);
			sourceTree = "<group>";
		};
		AFBE41762D85E4B500315155 /* Products */ = {
			isa = PBXGroup;
			children = (
				AFBE41752D85E4B500315155 /* Nyxian.app */,
			);
			name = Products;
			sourceTree = "<group>";
		};
/* End PBXGroup section */

/* Begin PBXNativeTarget section */
		AFBE41742D85E4B500315155 /* Nyxian */ = {
			isa = PBXNativeTarget;
			buildConfigurationList = AFBE41832D85E4B700315155 /* Build configuration list for PBXNativeTarget "Nyxian" */;
			buildPhases = (
				AFBE41712D85E4B500315155 /* Sources */,
				AFBE41722D85E4B500315155 /* Frameworks */,
				AFBE41732D85E4B500315155 /* Resources */,
				AF0D03512D9ED5DC0091495A /* Embed Frameworks */,
			);
			buildRules = (
			);
			dependencies = (
			);
			fileSystemSynchronizedGroups = (
				AFBE41772D85E4B500315155 /* Nyxian */,
			);
			name = Nyxian;
			packageProductDependencies = (
				AF4836262D8AF4AA00830CED /* SwiftTerm */,
				AF14830D2D8DE2700006B509 /* FluidGradient */,
				AFB1651C2D91A36300872EDB /* Runestone */,
				AFB165232D91A4AB00872EDB /* TreeSitterJavaScript */,
				AFB1653C2D91BBEB00872EDB /* TreeSitterC */,
				AF51435C2D92E9B70058C41D /* TreeSitterPython */,
				AF1015D42D92EEB6009F362F /* TreeSitterLua */,
				AF504BD62D956849005FA8D2 /* TreeSitterXML */,
				AF504BE92D9579E1005FA8D2 /* Swifter */,
				AF504BEC2D957A72005FA8D2 /* TreeSitterHTML */,
				AF1C222C2D99CBB1003D83A9 /* TreeSitterObjc */,
				AFCF8EF02DA1572D006ECF22 /* TreeSitterCPP */,
				AF7A29CA2DA3F3A100A1706D /* OpenSSL */,
				AF7A29EA2DA46F5300A1706D /* Telegraph */,
			);
			productName = FJS;
			productReference = AFBE41752D85E4B500315155 /* Nyxian.app */;
			productType = "com.apple.product-type.application";
		};
/* End PBXNativeTarget section */

/* Begin PBXProject section */
		AFBE416D2D85E4B500315155 /* Project object */ = {
			isa = PBXProject;
			attributes = {
				BuildIndependentTargetsInParallel = 1;
				LastSwiftUpdateCheck = 1620;
				LastUpgradeCheck = 1620;
				TargetAttributes = {
					AFBE41742D85E4B500315155 = {
						CreatedOnToolsVersion = 16.2;
						LastSwiftMigration = 1620;
					};
				};
			};
			buildConfigurationList = AFBE41702D85E4B500315155 /* Build configuration list for PBXProject "Nyxian" */;
			developmentRegion = en;
			hasScannedForEncodings = 0;
			knownRegions = (
				en,
				Base,
			);
			mainGroup = AFBE416C2D85E4B500315155;
			minimizedProjectReferenceProxies = 1;
			packageReferences = (
				AF4836252D8AF4AA00830CED /* XCRemoteSwiftPackageReference "SwiftTerm" */,
				AF14830C2D8DE2700006B509 /* XCRemoteSwiftPackageReference "FluidGradient" */,
				AFB1651B2D91A36300872EDB /* XCRemoteSwiftPackageReference "Runestone" */,
				AFB165222D91A4AB00872EDB /* XCRemoteSwiftPackageReference "tree-sitter-javascript" */,
				AFB1653B2D91BBEB00872EDB /* XCRemoteSwiftPackageReference "tree-sitter-c" */,
				AF51435B2D92E9B70058C41D /* XCRemoteSwiftPackageReference "tree-sitter-python" */,
				AF1015D32D92EEB6009F362F /* XCRemoteSwiftPackageReference "tree-sitter-lua" */,
				AF504BD52D956849005FA8D2 /* XCRemoteSwiftPackageReference "tree-sitter-xml" */,
				AF504BE82D9579E1005FA8D2 /* XCRemoteSwiftPackageReference "swifter" */,
				AF504BEB2D957A72005FA8D2 /* XCRemoteSwiftPackageReference "tree-sitter-html" */,
				AF1C222B2D99CBB1003D83A9 /* XCRemoteSwiftPackageReference "tree-sitter-objc" */,
				AFCF8EEF2DA1572D006ECF22 /* XCRemoteSwiftPackageReference "tree-sitter-cpp" */,
				AF7A29C92DA3F3A100A1706D /* XCRemoteSwiftPackageReference "OpenSSL" */,
				AF7A29E92DA46F5300A1706D /* XCRemoteSwiftPackageReference "Telegraph" */,
			);
			preferredProjectObjectVersion = 77;
			productRefGroup = AFBE41762D85E4B500315155 /* Products */;
			projectDirPath = "";
			projectRoot = "";
			targets = (
				AFBE41742D85E4B500315155 /* Nyxian */,
			);
		};
/* End PBXProject section */

/* Begin PBXResourcesBuildPhase section */
		AFBE41732D85E4B500315155 /* Resources */ = {
			isa = PBXResourcesBuildPhase;
			buildActionMask = 2147483647;
			files = (
				AF4E54682DA321A5008E4FF0 /* iPhoneOS16.5.sdk in Resources */,
				AF4E54642DA3216A008E4FF0 /* include in Resources */,
				AF7A29CE2DA3F6BD00A1706D /* cert in Resources */,
			);
			runOnlyForDeploymentPostprocessing = 0;
		};
/* End PBXResourcesBuildPhase section */

/* Begin PBXSourcesBuildPhase section */
		AFBE41712D85E4B500315155 /* Sources */ = {
			isa = PBXSourcesBuildPhase;
			buildActionMask = 2147483647;
			files = (
			);
			runOnlyForDeploymentPostprocessing = 0;
		};
/* End PBXSourcesBuildPhase section */

/* Begin XCBuildConfiguration section */
		AFBE41812D85E4B700315155 /* Debug */ = {
			isa = XCBuildConfiguration;
			buildSettings = {
				ALWAYS_SEARCH_USER_PATHS = NO;
				ASSETCATALOG_COMPILER_GENERATE_SWIFT_ASSET_SYMBOL_EXTENSIONS = YES;
				CLANG_ANALYZER_NONNULL = YES;
				CLANG_ANALYZER_NUMBER_OBJECT_CONVERSION = YES_AGGRESSIVE;
				CLANG_CXX_LANGUAGE_STANDARD = "gnu++20";
				CLANG_ENABLE_MODULES = YES;
				CLANG_ENABLE_OBJC_ARC = YES;
				CLANG_ENABLE_OBJC_WEAK = YES;
				CLANG_WARN_BLOCK_CAPTURE_AUTORELEASING = YES;
				CLANG_WARN_BOOL_CONVERSION = YES;
				CLANG_WARN_COMMA = YES;
				CLANG_WARN_CONSTANT_CONVERSION = YES;
				CLANG_WARN_DEPRECATED_OBJC_IMPLEMENTATIONS = YES;
				CLANG_WARN_DIRECT_OBJC_ISA_USAGE = YES_ERROR;
				CLANG_WARN_DOCUMENTATION_COMMENTS = YES;
				CLANG_WARN_EMPTY_BODY = YES;
				CLANG_WARN_ENUM_CONVERSION = YES;
				CLANG_WARN_INFINITE_RECURSION = YES;
				CLANG_WARN_INT_CONVERSION = YES;
				CLANG_WARN_NON_LITERAL_NULL_CONVERSION = YES;
				CLANG_WARN_OBJC_IMPLICIT_RETAIN_SELF = YES;
				CLANG_WARN_OBJC_LITERAL_CONVERSION = YES;
				CLANG_WARN_OBJC_ROOT_CLASS = YES_ERROR;
				CLANG_WARN_QUOTED_INCLUDE_IN_FRAMEWORK_HEADER = YES;
				CLANG_WARN_RANGE_LOOP_ANALYSIS = YES;
				CLANG_WARN_STRICT_PROTOTYPES = YES;
				CLANG_WARN_SUSPICIOUS_MOVE = YES;
				CLANG_WARN_UNGUARDED_AVAILABILITY = YES_AGGRESSIVE;
				CLANG_WARN_UNREACHABLE_CODE = YES;
				CLANG_WARN__DUPLICATE_METHOD_MATCH = YES;
				COPY_PHASE_STRIP = NO;
				DEBUG_INFORMATION_FORMAT = dwarf;
				ENABLE_STRICT_OBJC_MSGSEND = YES;
				ENABLE_TESTABILITY = YES;
				ENABLE_USER_SCRIPT_SANDBOXING = YES;
				GCC_C_LANGUAGE_STANDARD = gnu17;
				GCC_DYNAMIC_NO_PIC = NO;
				GCC_NO_COMMON_BLOCKS = YES;
				GCC_OPTIMIZATION_LEVEL = 0;
				GCC_PREPROCESSOR_DEFINITIONS = (
					"DEBUG=1",
					"$(inherited)",
				);
				GCC_WARN_64_TO_32_BIT_CONVERSION = YES;
				GCC_WARN_ABOUT_RETURN_TYPE = YES_ERROR;
				GCC_WARN_UNDECLARED_SELECTOR = YES;
				GCC_WARN_UNINITIALIZED_AUTOS = YES_AGGRESSIVE;
				GCC_WARN_UNUSED_FUNCTION = YES;
				GCC_WARN_UNUSED_VARIABLE = YES;
				HEADER_SEARCH_PATHS = FJS;
				IPHONEOS_DEPLOYMENT_TARGET = 16.6;
				LOCALIZATION_PREFERS_STRING_CATALOGS = YES;
				MTL_ENABLE_DEBUG_INFO = INCLUDE_SOURCE;
				MTL_FAST_MATH = YES;
				ONLY_ACTIVE_ARCH = YES;
				SDKROOT = iphoneos;
				SWIFT_ACTIVE_COMPILATION_CONDITIONS = "DEBUG $(inherited)";
				SWIFT_OBJC_BRIDGING_HEADER = "";
				SWIFT_OPTIMIZATION_LEVEL = "-Onone";
			};
			name = Debug;
		};
		AFBE41822D85E4B700315155 /* Release */ = {
			isa = XCBuildConfiguration;
			buildSettings = {
				ALWAYS_SEARCH_USER_PATHS = NO;
				ASSETCATALOG_COMPILER_GENERATE_SWIFT_ASSET_SYMBOL_EXTENSIONS = YES;
				CLANG_ANALYZER_NONNULL = YES;
				CLANG_ANALYZER_NUMBER_OBJECT_CONVERSION = YES_AGGRESSIVE;
				CLANG_CXX_LANGUAGE_STANDARD = "gnu++20";
				CLANG_ENABLE_MODULES = YES;
				CLANG_ENABLE_OBJC_ARC = YES;
				CLANG_ENABLE_OBJC_WEAK = YES;
				CLANG_WARN_BLOCK_CAPTURE_AUTORELEASING = YES;
				CLANG_WARN_BOOL_CONVERSION = YES;
				CLANG_WARN_COMMA = YES;
				CLANG_WARN_CONSTANT_CONVERSION = YES;
				CLANG_WARN_DEPRECATED_OBJC_IMPLEMENTATIONS = YES;
				CLANG_WARN_DIRECT_OBJC_ISA_USAGE = YES_ERROR;
				CLANG_WARN_DOCUMENTATION_COMMENTS = YES;
				CLANG_WARN_EMPTY_BODY = YES;
				CLANG_WARN_ENUM_CONVERSION = YES;
				CLANG_WARN_INFINITE_RECURSION = YES;
				CLANG_WARN_INT_CONVERSION = YES;
				CLANG_WARN_NON_LITERAL_NULL_CONVERSION = YES;
				CLANG_WARN_OBJC_IMPLICIT_RETAIN_SELF = YES;
				CLANG_WARN_OBJC_LITERAL_CONVERSION = YES;
				CLANG_WARN_OBJC_ROOT_CLASS = YES_ERROR;
				CLANG_WARN_QUOTED_INCLUDE_IN_FRAMEWORK_HEADER = YES;
				CLANG_WARN_RANGE_LOOP_ANALYSIS = YES;
				CLANG_WARN_STRICT_PROTOTYPES = YES;
				CLANG_WARN_SUSPICIOUS_MOVE = YES;
				CLANG_WARN_UNGUARDED_AVAILABILITY = YES_AGGRESSIVE;
				CLANG_WARN_UNREACHABLE_CODE = YES;
				CLANG_WARN__DUPLICATE_METHOD_MATCH = YES;
				COPY_PHASE_STRIP = NO;
				DEBUG_INFORMATION_FORMAT = "dwarf-with-dsym";
				ENABLE_NS_ASSERTIONS = NO;
				ENABLE_STRICT_OBJC_MSGSEND = YES;
				ENABLE_USER_SCRIPT_SANDBOXING = YES;
				GCC_C_LANGUAGE_STANDARD = gnu17;
				GCC_NO_COMMON_BLOCKS = YES;
				GCC_WARN_64_TO_32_BIT_CONVERSION = YES;
				GCC_WARN_ABOUT_RETURN_TYPE = YES_ERROR;
				GCC_WARN_UNDECLARED_SELECTOR = YES;
				GCC_WARN_UNINITIALIZED_AUTOS = YES_AGGRESSIVE;
				GCC_WARN_UNUSED_FUNCTION = YES;
				GCC_WARN_UNUSED_VARIABLE = YES;
				HEADER_SEARCH_PATHS = FJS;
				IPHONEOS_DEPLOYMENT_TARGET = 16.6;
				LOCALIZATION_PREFERS_STRING_CATALOGS = YES;
				MTL_ENABLE_DEBUG_INFO = NO;
				MTL_FAST_MATH = YES;
				SDKROOT = iphoneos;
				SWIFT_COMPILATION_MODE = wholemodule;
				SWIFT_OBJC_BRIDGING_HEADER = "";
				VALIDATE_PRODUCT = YES;
			};
			name = Release;
		};
		AFBE41842D85E4B700315155 /* Debug */ = {
			isa = XCBuildConfiguration;
			buildSettings = {
				ASSETCATALOG_COMPILER_APPICON_NAME = AppIcon;
				ASSETCATALOG_COMPILER_GLOBAL_ACCENT_COLOR_NAME = AccentColor;
				CLANG_ENABLE_MODULES = YES;
				CODE_SIGN_ENTITLEMENTS = "";
				CODE_SIGN_STYLE = Automatic;
				CURRENT_PROJECT_VERSION = 1;
				DEVELOPMENT_ASSET_PATHS = "";
				DEVELOPMENT_TEAM = L4A6CKH3TV;
				ENABLE_BITCODE = NO;
				ENABLE_PREVIEWS = YES;
				FRAMEWORK_SEARCH_PATHS = (
					"$(inherited)",
					"$(PROJECT_DIR)/Nyxian",
				);
				GENERATE_INFOPLIST_FILE = YES;
				HEADER_SEARCH_PATHS = (
					Nyxian,
					Nyxian/Runtime/OtherLang,
				);
				INFOPLIST_FILE = Nyxian/Info.plist;
				INFOPLIST_KEY_CFBundleDisplayName = Nyxian;
				INFOPLIST_KEY_UIApplicationSceneManifest_Generation = YES;
				INFOPLIST_KEY_UIApplicationSupportsIndirectInputEvents = YES;
				INFOPLIST_KEY_UILaunchScreen_Generation = YES;
				INFOPLIST_KEY_UIRequiresFullScreen = NO;
				INFOPLIST_KEY_UISupportedInterfaceOrientations = UIInterfaceOrientationPortrait;
				INFOPLIST_KEY_UISupportedInterfaceOrientations_iPad = "UIInterfaceOrientationLandscapeLeft UIInterfaceOrientationLandscapeRight UIInterfaceOrientationPortrait";
				IPHONEOS_DEPLOYMENT_TARGET = 16.0;
				LD_RUNPATH_SEARCH_PATHS = (
					"$(inherited)",
					"@executable_path/Frameworks",
				);
				LIBRARY_SEARCH_PATHS = (
					"$(inherited)",
					"$(PROJECT_DIR)/Nyxian/libffi-iphoneos",
					"$(PROJECT_DIR)/Nyxian/Runtime/FFI",
					"$(PROJECT_DIR)/Nyxian/LLVM-iOS/lib",
					"$(PROJECT_DIR)/Nyxian/LLVM.xcframework/ios-arm64-simulator",
					"$(PROJECT_DIR)/Nyxian/Runtime/FCM/MessyLinker",
					"$(PROJECT_DIR)/Nyxian/Runtime/FCM",
					"$(PROJECT_DIR)/Nyxian/Runtime/Libraries/libzip",
				);
				MARKETING_VERSION = 1.0;
				PRODUCT_BUNDLE_IDENTIFIER = com.sinac.nyxian;
				PRODUCT_NAME = "$(TARGET_NAME)";
				SWIFT_EMIT_LOC_STRINGS = YES;
				SWIFT_OBJC_BRIDGING_HEADER = Nyxian/bridge.h;
				SWIFT_OPTIMIZATION_LEVEL = "-Onone";
				SWIFT_VERSION = 5.0;
				TARGETED_DEVICE_FAMILY = "1,2";
			};
			name = Debug;
		};
		AFBE41852D85E4B700315155 /* Release */ = {
			isa = XCBuildConfiguration;
			buildSettings = {
				ASSETCATALOG_COMPILER_APPICON_NAME = AppIcon;
				ASSETCATALOG_COMPILER_GLOBAL_ACCENT_COLOR_NAME = AccentColor;
				CLANG_ENABLE_MODULES = YES;
				CODE_SIGN_ENTITLEMENTS = "";
				CODE_SIGN_STYLE = Automatic;
				CURRENT_PROJECT_VERSION = 1;
				DEVELOPMENT_ASSET_PATHS = "";
				DEVELOPMENT_TEAM = L4A6CKH3TV;
				ENABLE_BITCODE = NO;
				ENABLE_PREVIEWS = YES;
				FRAMEWORK_SEARCH_PATHS = (
					"$(inherited)",
					"$(PROJECT_DIR)/Nyxian",
				);
				GENERATE_INFOPLIST_FILE = YES;
				HEADER_SEARCH_PATHS = (
					Nyxian,
					Nyxian/Runtime/OtherLang,
				);
				INFOPLIST_FILE = Nyxian/Info.plist;
				INFOPLIST_KEY_CFBundleDisplayName = Nyxian;
				INFOPLIST_KEY_UIApplicationSceneManifest_Generation = YES;
				INFOPLIST_KEY_UIApplicationSupportsIndirectInputEvents = YES;
				INFOPLIST_KEY_UILaunchScreen_Generation = YES;
				INFOPLIST_KEY_UIRequiresFullScreen = NO;
				INFOPLIST_KEY_UISupportedInterfaceOrientations = UIInterfaceOrientationPortrait;
				INFOPLIST_KEY_UISupportedInterfaceOrientations_iPad = "UIInterfaceOrientationLandscapeLeft UIInterfaceOrientationLandscapeRight UIInterfaceOrientationPortrait";
				IPHONEOS_DEPLOYMENT_TARGET = 16.0;
				LD_RUNPATH_SEARCH_PATHS = (
					"$(inherited)",
					"@executable_path/Frameworks",
				);
				LIBRARY_SEARCH_PATHS = (
					"$(inherited)",
					"$(PROJECT_DIR)/Nyxian/libffi-iphoneos",
					"$(PROJECT_DIR)/Nyxian/Runtime/FFI",
					"$(PROJECT_DIR)/Nyxian/LLVM-iOS/lib",
					"$(PROJECT_DIR)/Nyxian/LLVM.xcframework/ios-arm64-simulator",
					"$(PROJECT_DIR)/Nyxian/Runtime/FCM/MessyLinker",
					"$(PROJECT_DIR)/Nyxian/Runtime/FCM",
					"$(PROJECT_DIR)/Nyxian/Runtime/Libraries/libzip",
				);
				MARKETING_VERSION = 1.0;
				PRODUCT_BUNDLE_IDENTIFIER = com.sinac.nyxian;
				PRODUCT_NAME = "$(TARGET_NAME)";
				SWIFT_EMIT_LOC_STRINGS = YES;
				SWIFT_OBJC_BRIDGING_HEADER = Nyxian/bridge.h;
				SWIFT_VERSION = 5.0;
				TARGETED_DEVICE_FAMILY = "1,2";
			};
			name = Release;
		};
/* End XCBuildConfiguration section */

/* Begin XCConfigurationList section */
		AFBE41702D85E4B500315155 /* Build configuration list for PBXProject "Nyxian" */ = {
			isa = XCConfigurationList;
			buildConfigurations = (
				AFBE41812D85E4B700315155 /* Debug */,
				AFBE41822D85E4B700315155 /* Release */,
			);
			defaultConfigurationIsVisible = 0;
			defaultConfigurationName = Release;
		};
		AFBE41832D85E4B700315155 /* Build configuration list for PBXNativeTarget "Nyxian" */ = {
			isa = XCConfigurationList;
			buildConfigurations = (
				AFBE41842D85E4B700315155 /* Debug */,
				AFBE41852D85E4B700315155 /* Release */,
			);
			defaultConfigurationIsVisible = 0;
			defaultConfigurationName = Release;
		};
/* End XCConfigurationList section */

/* Begin XCRemoteSwiftPackageReference section */
		AF1015D32D92EEB6009F362F /* XCRemoteSwiftPackageReference "tree-sitter-lua" */ = {
			isa = XCRemoteSwiftPackageReference;
			repositoryURL = "https://github.com/tree-sitter-grammars/tree-sitter-lua.git";
			requirement = {
				branch = main;
				kind = branch;
			};
		};
		AF14830C2D8DE2700006B509 /* XCRemoteSwiftPackageReference "FluidGradient" */ = {
			isa = XCRemoteSwiftPackageReference;
			repositoryURL = "https://github.com/Cindori/FluidGradient";
			requirement = {
				kind = upToNextMajorVersion;
				minimumVersion = 1.0.0;
			};
		};
		AF1C222B2D99CBB1003D83A9 /* XCRemoteSwiftPackageReference "tree-sitter-objc" */ = {
			isa = XCRemoteSwiftPackageReference;
			repositoryURL = "https://github.com/tree-sitter-grammars/tree-sitter-objc.git";
			requirement = {
				branch = master;
				kind = branch;
			};
		};
		AF4836252D8AF4AA00830CED /* XCRemoteSwiftPackageReference "SwiftTerm" */ = {
			isa = XCRemoteSwiftPackageReference;
			repositoryURL = "https://github.com/migueldeicaza/SwiftTerm.git";
			requirement = {
				kind = upToNextMajorVersion;
				minimumVersion = 1.2.5;
			};
		};
		AF504BD52D956849005FA8D2 /* XCRemoteSwiftPackageReference "tree-sitter-xml" */ = {
			isa = XCRemoteSwiftPackageReference;
			repositoryURL = "https://github.com/tree-sitter-grammars/tree-sitter-xml.git";
			requirement = {
				branch = master;
				kind = branch;
			};
		};
		AF504BE82D9579E1005FA8D2 /* XCRemoteSwiftPackageReference "swifter" */ = {
			isa = XCRemoteSwiftPackageReference;
			repositoryURL = "https://github.com/httpswift/swifter.git";
			requirement = {
				kind = upToNextMajorVersion;
				minimumVersion = 1.5.0;
			};
		};
		AF504BEB2D957A72005FA8D2 /* XCRemoteSwiftPackageReference "tree-sitter-html" */ = {
			isa = XCRemoteSwiftPackageReference;
			repositoryURL = "https://github.com/tree-sitter/tree-sitter-html.git";
			requirement = {
				branch = master;
				kind = branch;
			};
		};
		AF51435B2D92E9B70058C41D /* XCRemoteSwiftPackageReference "tree-sitter-python" */ = {
			isa = XCRemoteSwiftPackageReference;
			repositoryURL = "https://github.com/tree-sitter/tree-sitter-python.git";
			requirement = {
				branch = master;
				kind = branch;
			};
		};
		AF7A29C92DA3F3A100A1706D /* XCRemoteSwiftPackageReference "OpenSSL" */ = {
			isa = XCRemoteSwiftPackageReference;
			repositoryURL = "https://github.com/krzyzanowskim/OpenSSL.git";
			requirement = {
				kind = upToNextMajorVersion;
				minimumVersion = 3.3.3000;
			};
		};
		AF7A29E92DA46F5300A1706D /* XCRemoteSwiftPackageReference "Telegraph" */ = {
			isa = XCRemoteSwiftPackageReference;
			repositoryURL = "https://github.com/Building42/Telegraph";
			requirement = {
				kind = upToNextMajorVersion;
				minimumVersion = 0.40.0;
			};
		};
		AFB1651B2D91A36300872EDB /* XCRemoteSwiftPackageReference "Runestone" */ = {
			isa = XCRemoteSwiftPackageReference;
			repositoryURL = "https://github.com/simonbs/Runestone.git";
			requirement = {
				kind = upToNextMajorVersion;
				minimumVersion = 0.5.1;
			};
		};
		AFB165222D91A4AB00872EDB /* XCRemoteSwiftPackageReference "tree-sitter-javascript" */ = {
			isa = XCRemoteSwiftPackageReference;
			repositoryURL = "https://github.com/tree-sitter/tree-sitter-javascript.git";
			requirement = {
				branch = master;
				kind = branch;
			};
		};
		AFB1653B2D91BBEB00872EDB /* XCRemoteSwiftPackageReference "tree-sitter-c" */ = {
			isa = XCRemoteSwiftPackageReference;
			repositoryURL = "https://github.com/tree-sitter/tree-sitter-c.git";
			requirement = {
				kind = upToNextMajorVersion;
				minimumVersion = 0.16.1;
			};
		};
		AFCF8EEF2DA1572D006ECF22 /* XCRemoteSwiftPackageReference "tree-sitter-cpp" */ = {
			isa = XCRemoteSwiftPackageReference;
			repositoryURL = "https://github.com/tree-sitter/tree-sitter-cpp";
			requirement = {
				branch = master;
				kind = branch;
			};
		};
/* End XCRemoteSwiftPackageReference section */

/* Begin XCSwiftPackageProductDependency section */
		AF1015D42D92EEB6009F362F /* TreeSitterLua */ = {
			isa = XCSwiftPackageProductDependency;
			package = AF1015D32D92EEB6009F362F /* XCRemoteSwiftPackageReference "tree-sitter-lua" */;
			productName = TreeSitterLua;
		};
		AF14830D2D8DE2700006B509 /* FluidGradient */ = {
			isa = XCSwiftPackageProductDependency;
			package = AF14830C2D8DE2700006B509 /* XCRemoteSwiftPackageReference "FluidGradient" */;
			productName = FluidGradient;
		};
		AF1C222C2D99CBB1003D83A9 /* TreeSitterObjc */ = {
			isa = XCSwiftPackageProductDependency;
			package = AF1C222B2D99CBB1003D83A9 /* XCRemoteSwiftPackageReference "tree-sitter-objc" */;
			productName = TreeSitterObjc;
		};
		AF4836262D8AF4AA00830CED /* SwiftTerm */ = {
			isa = XCSwiftPackageProductDependency;
			package = AF4836252D8AF4AA00830CED /* XCRemoteSwiftPackageReference "SwiftTerm" */;
			productName = SwiftTerm;
		};
		AF504BD62D956849005FA8D2 /* TreeSitterXML */ = {
			isa = XCSwiftPackageProductDependency;
			package = AF504BD52D956849005FA8D2 /* XCRemoteSwiftPackageReference "tree-sitter-xml" */;
			productName = TreeSitterXML;
		};
		AF504BE92D9579E1005FA8D2 /* Swifter */ = {
			isa = XCSwiftPackageProductDependency;
			package = AF504BE82D9579E1005FA8D2 /* XCRemoteSwiftPackageReference "swifter" */;
			productName = Swifter;
		};
		AF504BEC2D957A72005FA8D2 /* TreeSitterHTML */ = {
			isa = XCSwiftPackageProductDependency;
			package = AF504BEB2D957A72005FA8D2 /* XCRemoteSwiftPackageReference "tree-sitter-html" */;
			productName = TreeSitterHTML;
		};
		AF51435C2D92E9B70058C41D /* TreeSitterPython */ = {
			isa = XCSwiftPackageProductDependency;
			package = AF51435B2D92E9B70058C41D /* XCRemoteSwiftPackageReference "tree-sitter-python" */;
			productName = TreeSitterPython;
		};
		AF7A29CA2DA3F3A100A1706D /* OpenSSL */ = {
			isa = XCSwiftPackageProductDependency;
			package = AF7A29C92DA3F3A100A1706D /* XCRemoteSwiftPackageReference "OpenSSL" */;
			productName = OpenSSL;
		};
		AF7A29EA2DA46F5300A1706D /* Telegraph */ = {
			isa = XCSwiftPackageProductDependency;
			package = AF7A29E92DA46F5300A1706D /* XCRemoteSwiftPackageReference "Telegraph" */;
			productName = Telegraph;
		};
		AFB1651C2D91A36300872EDB /* Runestone */ = {
			isa = XCSwiftPackageProductDependency;
			package = AFB1651B2D91A36300872EDB /* XCRemoteSwiftPackageReference "Runestone" */;
			productName = Runestone;
		};
		AFB165232D91A4AB00872EDB /* TreeSitterJavaScript */ = {
			isa = XCSwiftPackageProductDependency;
			package = AFB165222D91A4AB00872EDB /* XCRemoteSwiftPackageReference "tree-sitter-javascript" */;
			productName = TreeSitterJavaScript;
		};
		AFB1653C2D91BBEB00872EDB /* TreeSitterC */ = {
			isa = XCSwiftPackageProductDependency;
			package = AFB1653B2D91BBEB00872EDB /* XCRemoteSwiftPackageReference "tree-sitter-c" */;
			productName = TreeSitterC;
		};
		AFCF8EF02DA1572D006ECF22 /* TreeSitterCPP */ = {
			isa = XCSwiftPackageProductDependency;
			package = AFCF8EEF2DA1572D006ECF22 /* XCRemoteSwiftPackageReference "tree-sitter-cpp" */;
			productName = TreeSitterCPP;
		};
/* End XCSwiftPackageProductDependency section */
	};
	rootObject = AFBE416D2D85E4B500315155 /* Project object */;
}
