{
  "originHash" : "46a746db605a211619978bbfa2d3bc5f8d07d9904d9814c1241fe4aabaa4770f",
  "pins" : [
    {
      "identity" : "fluidgradient",
      "kind" : "remoteSourceControl",
      "location" : "https://github.com/Cindori/FluidGradient",
      "state" : {
        "revision" : "9ddda4cf23671ef0228e88681ec6210cb3e0d7f7",
        "version" : "1.0.0"
      }
    },
    {
      "identity" : "runestone",
      "kind" : "remoteSourceControl",
      "location" : "https://github.com/simonbs/Runestone.git",
      "state" : {
        "revision" : "1fad339aab99cf2136ce6bf8c32da3265b2e85e5",
        "version" : "0.5.1"
      }
    },
    {
      "identity" : "swifter",
      "kind" : "remoteSourceControl",
      "location" : "https://github.com/httpswift/swifter.git",
      "state" : {
        "revision" : "9483a5d459b45c3ffd059f7b55f9638e268632fd",
        "version" : "1.5.0"
      }
    },
    {
      "identity" : "swiftterm",
      "kind" : "remoteSourceControl",
      "location" : "https://github.com/migueldeicaza/SwiftTerm.git",
      "state" : {
        "revision" : "e2b431dbf73f775fb4807a33e4572ffd3dc6933a",
        "version" : "1.2.5"
      }
    },
    {
      "identity" : "tree-sitter",
      "kind" : "remoteSourceControl",
      "location" : "https://github.com/tree-sitter/tree-sitter",
      "state" : {
        "revision" : "98be227227af10cc7a269cb3ffb23686c0610b17",
        "version" : "0.20.9"
      }
    },
    {
      "identity" : "tree-sitter-c",
      "kind" : "remoteSourceControl",
      "location" : "https://github.com/tree-sitter/tree-sitter-c.git",
      "state" : {
        "revision" : "2a265d69a4caf57108a73ad2ed1e6922dd2f998c",
        "version" : "0.23.5"
      }
    },
    {
      "identity" : "tree-sitter-html",
      "kind" : "remoteSourceControl",
      "location" : "https://github.com/tree-sitter/tree-sitter-html.git",
      "state" : {
        "branch" : "master",
        "revision" : "cbb91a0ff3621245e890d1c50cc811bffb77a26b"
      }
    },
    {
      "identity" : "tree-sitter-javascript",
      "kind" : "remoteSourceControl",
      "location" : "https://github.com/tree-sitter/tree-sitter-javascript.git",
      "state" : {
        "branch" : "master",
        "revision" : "6fbef40512dcd9f0a61ce03a4c9ae7597b36ab5c"
      }
    },
    {
      "identity" : "tree-sitter-lua",
      "kind" : "remoteSourceControl",
      "location" : "https://github.com/tree-sitter-grammars/tree-sitter-lua.git",
      "state" : {
        "branch" : "main",
        "revision" : "db16e76558122e834ee214c8dc755b4a3edc82a9"
      }
    },
    {
      "identity" : "tree-sitter-python",
      "kind" : "remoteSourceControl",
      "location" : "https://github.com/tree-sitter/tree-sitter-python.git",
      "state" : {
        "branch" : "master",
        "revision" : "710796b8b877a970297106e5bbc8e2afa47f86ec"
      }
    },
    {
      "identity" : "tree-sitter-xml",
      "kind" : "remoteSourceControl",
      "location" : "https://github.com/tree-sitter-grammars/tree-sitter-xml.git",
      "state" : {
        "branch" : "master",
        "revision" : "0d9a8099c963ed53e183425c1b47fa2622c8eaf7"
      }
    }
  ],
  "version" : 3
}
